{
  "requires": true,
  "lockfileVersion": 1,
  "dependencies": {
    "@firebase/app-types": {
      "version": "0.6.1",
      "resolved": "https://registry.npm.taobao.org/@firebase/app-types/download/@firebase/app-types-0.6.1.tgz",
      "integrity": "sha1-3L0jAwpxwMdPyV1KP3W6gWU4UOk="
    },
    "@firebase/auth-interop-types": {
      "version": "0.1.5",
      "resolved": "https://registry.npm.taobao.org/@firebase/auth-interop-types/download/@firebase/auth-interop-types-0.1.5.tgz",
      "integrity": "sha1-n8m9fIefFrjRuwg3Og9Iw6i3RVc="
    },
    "@firebase/component": {
      "version": "0.1.14",
      "resolved": "https://registry.npm.taobao.org/@firebase/component/download/@firebase/component-0.1.14.tgz",
      "integrity": "sha1-Lw0Ju+Zy2tevwUveb1/us4l0BlA=",
      "requires": {
        "@firebase/util": "0.2.49",
        "tslib": "^1.11.1"
      }
    },
    "@firebase/database": {
      "version": "0.6.5",
      "resolved": "https://registry.npm.taobao.org/@firebase/database/download/@firebase/database-0.6.5.tgz",
      "integrity": "sha1-47CiMWbKHS1jCNHb74Ll+6Ag/7g=",
      "requires": {
        "@firebase/auth-interop-types": "0.1.5",
        "@firebase/component": "0.1.14",
        "@firebase/database-types": "0.5.1",
        "@firebase/logger": "0.2.5",
        "@firebase/util": "0.2.49",
        "faye-websocket": "0.11.3",
        "tslib": "^1.11.1"
      }
    },
    "@firebase/database-types": {
      "version": "0.5.1",
      "resolved": "https://registry.npm.taobao.org/@firebase/database-types/download/@firebase/database-types-0.5.1.tgz",
      "integrity": "sha1-+rLz+0juw3Sp9DXtIeE4Y1y5txw=",
      "requires": {
        "@firebase/app-types": "0.6.1"
      }
    },
    "@firebase/logger": {
      "version": "0.2.5",
      "resolved": "https://registry.npm.taobao.org/@firebase/logger/download/@firebase/logger-0.2.5.tgz",
      "integrity": "sha1-usJ7/vMrNuPsxLmlAY6UQctHZeY="
    },
    "@firebase/util": {
      "version": "0.2.49",
      "resolved": "https://registry.npm.taobao.org/@firebase/util/download/@firebase/util-0.2.49.tgz",
      "integrity": "sha1-AbfgjCpULlTZsksqk7xdTeLF0kM=",
      "requires": {
        "tslib": "^1.11.1"
      }
    },
    "faye-websocket": {
      "version": "0.11.3",
      "resolved": "https://registry.npm.taobao.org/faye-websocket/download/faye-websocket-0.11.3.tgz",
      "integrity": "sha1-XA6aiWjokSwoZjn96XeosgnyUI4=",
      "requires": {
        "websocket-driver": ">=0.5.1"
      }
    },
    "http-parser-js": {
      "version": "0.5.2",
      "resolved": "https://registry.npm.taobao.org/http-parser-js/download/http-parser-js-0.5.2.tgz?cache=0&sync_timestamp=1572714277347&other_urls=https%3A%2F%2Fregistry.npm.taobao.org%2Fhttp-parser-js%2Fdownload%2Fhttp-parser-js-0.5.2.tgz",
      "integrity": "sha1-2i4x0jezk6rnKs5DiC3X4nCo/3c="
    },
    "safe-buffer": {
      "version": "5.2.1",
      "resolved": "https://registry.npm.taobao.org/safe-buffer/download/safe-buffer-5.2.1.tgz",
      "integrity": "sha1-Hq+fqb2x/dTsdfWPnNtOa3gn7sY="
    },
    "tslib": {
      "version": "1.13.0",
      "resolved": "https://registry.npm.taobao.org/tslib/download/tslib-1.13.0.tgz?cache=0&sync_timestamp=1589411820927&other_urls=https%3A%2F%2Fregistry.npm.taobao.org%2Ftslib%2Fdownload%2Ftslib-1.13.0.tgz",
      "integrity": "sha1-yIHhPMcBWJTtkUhi0nZDb6mkcEM="
    },
    "websocket-driver": {
      "version": "0.7.4",
      "resolved": "https://registry.npm.taobao.org/websocket-driver/download/websocket-driver-0.7.4.tgz?cache=0&sync_timestamp=1591288600527&other_urls=https%3A%2F%2Fregistry.npm.taobao.org%2Fwebsocket-driver%2Fdownload%2Fwebsocket-driver-0.7.4.tgz",
      "integrity": "sha1-ia1Slbv2S0gKvLox5JU6ynBvV2A=",
      "requires": {
        "http-parser-js": ">=0.5.1",
        "safe-buffer": ">=5.1.0",
        "websocket-extensions": ">=0.1.1"
      }
    },
    "websocket-extensions": {
      "version": "0.1.4",
      "resolved": "https://registry.npm.taobao.org/websocket-extensions/download/websocket-extensions-0.1.4.tgz?cache=0&sync_timestamp=1591103014229&other_urls=https%3A%2F%2Fregistry.npm.taobao.org%2Fwebsocket-extensions%2Fdownload%2Fwebsocket-extensions-0.1.4.tgz",
      "integrity": "sha1-f4RzvIOd/YdgituV1+sHUhFXikI="
    }
  }
}
